
Microsoft Visual Studio Solution File, Format Version 12.00
# Visual Studio Version 17
VisualStudioVersion = 17.2.32630.192
MinimumVisualStudioVersion = 10.0.40219.1
Project("{8BC9CEB8-8B4A-11D0-8D11-00A0C91BC942}") = "Asteroids", "Asteroids.vcxproj", "{D9DC06D7-E435-4EA2-974D-576A4BEF9D5A}"
EndProject
Global
	GlobalSection(SolutionConfigurationPlatforms) = preSolution
		Debug|x64 = Debug|x64
		Release|x64 = Release|x64
	EndGlobalSection
	GlobalSection(ProjectConfigurationPlatforms) = postSolution
		{D9DC06D7-E435-4EA2-974D-576A4BEF9D5A}.Debug|x64.ActiveCfg = Debug|x64
		{D9DC06D7-E435-4EA2-974D-576A4BEF9D5A}.Debug|x64.Build.0 = Debug|x64
		{D9DC06D7-E435-4EA2-974D-576A4BEF9D5A}.Release|x64.ActiveCfg = Release|x64
		{D9DC06D7-E435-4EA2-974D-576A4BEF9D5A}.Release|x64.Build.0 = Release|x64
	EndGlobalSection
	GlobalSection(SolutionProperties) = preSolution
		HideSolutionNode = FALSE
	EndGlobalSection
	GlobalSection(ExtensibilityGlobals) = postSolution
		SolutionGuid = {92E76B18-C7FC-4424-946A-09EC4129DC8A}
	EndGlobalSection
EndGlobal
